
Microsoft Visual Studio Solution File, Format Version 12.00
# Visual Studio Version 16
VisualStudioVersion = 16.0.30516.212
MinimumVisualStudioVersion = 10.0.40219.1
Project("{9A19103F-16F7-4668-BE54-9A1E7A4F7556}") = "StageRaceFantasy.Infrastructure", "StageRaceFantasy.Infrastructure\StageRaceFantasy.Infrastructure.csproj", "{4C7AC3CD-CDBC-4B8E-BDD9-385C38919D77}"
EndProject
Project("{9A19103F-16F7-4668-BE54-9A1E7A4F7556}") = "StageRaceFantasy.Application", "StageRaceFantasy.Application\StageRaceFantasy.Application.csproj", "{3B80E030-945E-4CEE-A4C5-9A6C4B57CF01}"
EndProject
Project("{9A19103F-16F7-4668-BE54-9A1E7A4F7556}") = "StageRaceFantasy.Api", "StageRaceFantasy.Api\StageRaceFantasy.Api.csproj", "{652ECAB1-2BB9-4635-9D0E-F1E9409861CA}"
EndProject
Project("{9A19103F-16F7-4668-BE54-9A1E7A4F7556}") = "StageRaceFantasy.Client", "StageRaceFantasy.Client\StageRaceFantasy.Client.csproj", "{F405011F-848C-4D35-A81E-BFFB6D3B5294}"
EndProject
Project("{9A19103F-16F7-4668-BE54-9A1E7A4F7556}") = "StageRaceFantasy.Domain", "StageRaceFantasy.Domain\StageRaceFantasy.Domain.csproj", "{D40F8504-3AEE-48E4-B897-70B92311E094}"
EndProject
Project("{2150E333-8FDC-42A3-9474-1A3956D46DE8}") = "Solution Items", "Solution Items", "{1D4CC55E-BF40-4E7F-B267-2CC511846BAC}"
	ProjectSection(SolutionItems) = preProject
		README.md = README.md
	EndProjectSection
EndProject
Project("{9A19103F-16F7-4668-BE54-9A1E7A4F7556}") = "StageRaceFantasy.Application.IntegrationTests", "StageRaceFantasy.Application.Test\StageRaceFantasy.Application.IntegrationTests.csproj", "{816E9F71-D999-40AE-9E52-E711621CD0C5}"
EndProject
Global
	GlobalSection(SolutionConfigurationPlatforms) = preSolution
		Debug|Any CPU = Debug|Any CPU
		Release|Any CPU = Release|Any CPU
	EndGlobalSection
	GlobalSection(ProjectConfigurationPlatforms) = postSolution
		{4C7AC3CD-CDBC-4B8E-BDD9-385C38919D77}.Debug|Any CPU.ActiveCfg = Debug|Any CPU
		{4C7AC3CD-CDBC-4B8E-BDD9-385C38919D77}.Debug|Any CPU.Build.0 = Debug|Any CPU
		{4C7AC3CD-CDBC-4B8E-BDD9-385C38919D77}.Release|Any CPU.ActiveCfg = Release|Any CPU
		{4C7AC3CD-CDBC-4B8E-BDD9-385C38919D77}.Release|Any CPU.Build.0 = Release|Any CPU
		{3B80E030-945E-4CEE-A4C5-9A6C4B57CF01}.Debug|Any CPU.ActiveCfg = Debug|Any CPU
		{3B80E030-945E-4CEE-A4C5-9A6C4B57CF01}.Debug|Any CPU.Build.0 = Debug|Any CPU
		{3B80E030-945E-4CEE-A4C5-9A6C4B57CF01}.Release|Any CPU.ActiveCfg = Release|Any CPU
		{3B80E030-945E-4CEE-A4C5-9A6C4B57CF01}.Release|Any CPU.Build.0 = Release|Any CPU
		{652ECAB1-2BB9-4635-9D0E-F1E9409861CA}.Debug|Any CPU.ActiveCfg = Debug|Any CPU
		{652ECAB1-2BB9-4635-9D0E-F1E9409861CA}.Debug|Any CPU.Build.0 = Debug|Any CPU
		{652ECAB1-2BB9-4635-9D0E-F1E9409861CA}.Release|Any CPU.ActiveCfg = Release|Any CPU
		{652ECAB1-2BB9-4635-9D0E-F1E9409861CA}.Release|Any CPU.Build.0 = Release|Any CPU
		{F405011F-848C-4D35-A81E-BFFB6D3B5294}.Debug|Any CPU.ActiveCfg = Debug|Any CPU
		{F405011F-848C-4D35-A81E-BFFB6D3B5294}.Debug|Any CPU.Build.0 = Debug|Any CPU
		{F405011F-848C-4D35-A81E-BFFB6D3B5294}.Release|Any CPU.ActiveCfg = Release|Any CPU
		{F405011F-848C-4D35-A81E-BFFB6D3B5294}.Release|Any CPU.Build.0 = Release|Any CPU
		{D40F8504-3AEE-48E4-B897-70B92311E094}.Debug|Any CPU.ActiveCfg = Debug|Any CPU
		{D40F8504-3AEE-48E4-B897-70B92311E094}.Debug|Any CPU.Build.0 = Debug|Any CPU
		{D40F8504-3AEE-48E4-B897-70B92311E094}.Release|Any CPU.ActiveCfg = Release|Any CPU
		{D40F8504-3AEE-48E4-B897-70B92311E094}.Release|Any CPU.Build.0 = Release|Any CPU
		{816E9F71-D999-40AE-9E52-E711621CD0C5}.Debug|Any CPU.ActiveCfg = Debug|Any CPU
		{816E9F71-D999-40AE-9E52-E711621CD0C5}.Debug|Any CPU.Build.0 = Debug|Any CPU
		{816E9F71-D999-40AE-9E52-E711621CD0C5}.Release|Any CPU.ActiveCfg = Release|Any CPU
		{816E9F71-D999-40AE-9E52-E711621CD0C5}.Release|Any CPU.Build.0 = Release|Any CPU
	EndGlobalSection
	GlobalSection(SolutionProperties) = preSolution
		HideSolutionNode = FALSE
	EndGlobalSection
	GlobalSection(ExtensibilityGlobals) = postSolution
		SolutionGuid = {3F69BC24-77E9-4E45-964B-0B24DDA6A90E}
	EndGlobalSection
EndGlobal
